// !$*UTF8*$!
{
	archiveVersion = 1;
	classes = {
	};
	objectVersion = 55;
	objects = {

/* Begin PBXBuildFile section */
		9A1C314F27E221BC00279462 /* AppDelegate.swift in Sources */ = {isa = PBXBuildFile; fileRef = 9A1C314E27E221BC00279462 /* AppDelegate.swift */; };
		9A1C315127E221BC00279462 /* SceneDelegate.swift in Sources */ = {isa = PBXBuildFile; fileRef = 9A1C315027E221BC00279462 /* SceneDelegate.swift */; };
		9A1C315327E221BC00279462 /* ViewController.swift in Sources */ = {isa = PBXBuildFile; fileRef = 9A1C315227E221BC00279462 /* ViewController.swift */; };
		9A1C315627E221BC00279462 /* Main.storyboard in Resources */ = {isa = PBXBuildFile; fileRef = 9A1C315427E221BC00279462 /* Main.storyboard */; };
		9A1C315927E221BC00279462 /* GitExample.xcdatamodeld in Sources */ = {isa = PBXBuildFile; fileRef = 9A1C315727E221BC00279462 /* GitExample.xcdatamodeld */; };
		9A1C315B27E221BE00279462 /* Assets.xcassets in Resources */ = {isa = PBXBuildFile; fileRef = 9A1C315A27E221BE00279462 /* Assets.xcassets */; };
		9A1C315E27E221BE00279462 /* LaunchScreen.storyboard in Resources */ = {isa = PBXBuildFile; fileRef = 9A1C315C27E221BE00279462 /* LaunchScreen.storyboard */; };
		9A1C316927E221BE00279462 /* GitExampleTests.swift in Sources */ = {isa = PBXBuildFile; fileRef = 9A1C316827E221BE00279462 /* GitExampleTests.swift */; };
		9A1C317327E221BE00279462 /* GitExampleUITests.swift in Sources */ = {isa = PBXBuildFile; fileRef = 9A1C317227E221BE00279462 /* GitExampleUITests.swift */; };
		9A1C317527E221BE00279462 /* GitExampleUITestsLaunchTests.swift in Sources */ = {isa = PBXBuildFile; fileRef = 9A1C317427E221BE00279462 /* GitExampleUITestsLaunchTests.swift */; };
/* End PBXBuildFile section */

/* Begin PBXContainerItemProxy section */
		9A1C316527E221BE00279462 /* PBXContainerItemProxy */ = {
			isa = PBXContainerItemProxy;
			containerPortal = 9A1C314327E221BC00279462 /* Project object */;
			proxyType = 1;
			remoteGlobalIDString = 9A1C314A27E221BC00279462;
			remoteInfo = GitExample;
		};
		9A1C316F27E221BE00279462 /* PBXContainerItemProxy */ = {
			isa = PBXContainerItemProxy;
			containerPortal = 9A1C314327E221BC00279462 /* Project object */;
			proxyType = 1;
			remoteGlobalIDString = 9A1C314A27E221BC00279462;
			remoteInfo = GitExample;
		};
/* End PBXContainerItemProxy section */

/* Begin PBXFileReference section */
		9A1C314B27E221BC00279462 /* GitExample.app */ = {isa = PBXFileReference; explicitFileType = wrapper.application; includeInIndex = 0; path = GitExample.app; sourceTree = BUILT_PRODUCTS_DIR; };
		9A1C314E27E221BC00279462 /* AppDelegate.swift */ = {isa = PBXFileReference; lastKnownFileType = sourcecode.swift; path = AppDelegate.swift; sourceTree = "<group>"; };
		9A1C315027E221BC00279462 /* SceneDelegate.swift */ = {isa = PBXFileReference; lastKnownFileType = sourcecode.swift; path = SceneDelegate.swift; sourceTree = "<group>"; };
		9A1C315227E221BC00279462 /* ViewController.swift */ = {isa = PBXFileReference; lastKnownFileType = sourcecode.swift; path = ViewController.swift; sourceTree = "<group>"; };
		9A1C315527E221BC00279462 /* Base */ = {isa = PBXFileReference; lastKnownFileType = file.storyboard; name = Base; path = Base.lproj/Main.storyboard; sourceTree = "<group>"; };
		9A1C315827E221BC00279462 /* GitExample.xcdatamodel */ = {isa = PBXFileReference; lastKnownFileType = wrapper.xcdatamodel; path = GitExample.xcdatamodel; sourceTree = "<group>"; };
		9A1C315A27E221BE00279462 /* Assets.xcassets */ = {isa = PBXFileReference; lastKnownFileType = folder.assetcatalog; path = Assets.xcassets; sourceTree = "<group>"; };
		9A1C315D27E221BE00279462 /* Base */ = {isa = PBXFileReference; lastKnownFileType = file.storyboard; name = Base; path = Base.lproj/LaunchScreen.storyboard; sourceTree = "<group>"; };
		9A1C315F27E221BE00279462 /* Info.plist */ = {isa = PBXFileReference; lastKnownFileType = text.plist.xml; path = Info.plist; sourceTree = "<group>"; };
		9A1C316427E221BE00279462 /* GitExampleTests.xctest */ = {isa = PBXFileReference; explicitFileType = wrapper.cfbundle; includeInIndex = 0; path = GitExampleTests.xctest; sourceTree = BUILT_PRODUCTS_DIR; };
		9A1C316827E221BE00279462 /* GitExampleTests.swift */ = {isa = PBXFileReference; lastKnownFileType = sourcecode.swift; path = GitExampleTests.swift; sourceTree = "<group>"; };
		9A1C316E27E221BE00279462 /* GitExampleUITests.xctest */ = {isa = PBXFileReference; explicitFileType = wrapper.cfbundle; includeInIndex = 0; path = GitExampleUITests.xctest; sourceTree = BUILT_PRODUCTS_DIR; };
		9A1C317227E221BE00279462 /* GitExampleUITests.swift */ = {isa = PBXFileReference; lastKnownFileType = sourcecode.swift; path = GitExampleUITests.swift; sourceTree = "<group>"; };
		9A1C317427E221BE00279462 /* GitExampleUITestsLaunchTests.swift */ = {isa = PBXFileReference; lastKnownFileType = sourcecode.swift; path = GitExampleUITestsLaunchTests.swift; sourceTree = "<group>"; };
/* End PBXFileReference section */

/* Begin PBXFrameworksBuildPhase section */
		9A1C314827E221BC00279462 /* Frameworks */ = {
			isa = PBXFrameworksBuildPhase;
			buildActionMask = 2147483647;
			files = (
			);
			runOnlyForDeploymentPostprocessing = 0;
		};
		9A1C316127E221BE00279462 /* Frameworks */ = {
			isa = PBXFrameworksBuildPhase;
			buildActionMask = 2147483647;
			files = (
			);
			runOnlyForDeploymentPostprocessing = 0;
		};
		9A1C316B27E221BE00279462 /* Frameworks */ = {
			isa = PBXFrameworksBuildPhase;
			buildActionMask = 2147483647;
			files = (
			);
			runOnlyForDeploymentPostprocessing = 0;
		};
/* End PBXFrameworksBuildPhase section */

/* Begin PBXGroup section */
		9A1C314227E221BC00279462 = {
			isa = PBXGroup;
			children = (
				9A1C314D27E221BC00279462 /* GitExample */,
				9A1C316727E221BE00279462 /* GitExampleTests */,
				9A1C317127E221BE00279462 /* GitExampleUITests */,
				9A1C314C27E221BC00279462 /* Products */,
			);
			sourceTree = "<group>";
		};
		9A1C314C27E221BC00279462 /* Products */ = {
			isa = PBXGroup;
			children = (
				9A1C314B27E221BC00279462 /* GitExample.app */,
				9A1C316427E221BE00279462 /* GitExampleTests.xctest */,
				9A1C316E27E221BE00279462 /* GitExampleUITests.xctest */,
			);
			name = Products;
			sourceTree = "<group>";
		};
		9A1C314D27E221BC00279462 /* GitExample */ = {
			isa = PBXGroup;
			children = (
				9A1C314E27E221BC00279462 /* AppDelegate.swift */,
				9A1C315027E221BC00279462 /* SceneDelegate.swift */,
				9A1C315227E221BC00279462 /* ViewController.swift */,
				9A1C315427E221BC00279462 /* Main.storyboard */,
				9A1C315A27E221BE00279462 /* Assets.xcassets */,
				9A1C315C27E221BE00279462 /* LaunchScreen.storyboard */,
				9A1C315F27E221BE00279462 /* Info.plist */,
				9A1C315727E221BC00279462 /* GitExample.xcdatamodeld */,
			);
			path = GitExample;
			sourceTree = "<group>";
		};
		9A1C316727E221BE00279462 /* GitExampleTests */ = {
			isa = PBXGroup;
			children = (
				9A1C316827E221BE00279462 /* GitExampleTests.swift */,
			);
			path = GitExampleTests;
			sourceTree = "<group>";
		};
		9A1C317127E221BE00279462 /* GitExampleUITests */ = {
			isa = PBXGroup;
			children = (
				9A1C317227E221BE00279462 /* GitExampleUITests.swift */,
				9A1C317427E221BE00279462 /* GitExampleUITestsLaunchTests.swift */,
			);
			path = GitExampleUITests;
			sourceTree = "<group>";
		};
/* End PBXGroup section */

/* Begin PBXNativeTarget section */
		9A1C314A27E221BC00279462 /* GitExample */ = {
			isa = PBXNativeTarget;
			buildConfigurationList = 9A1C317827E221BE00279462 /* Build configuration list for PBXNativeTarget "GitExample" */;
			buildPhases = (
				9A1C314727E221BC00279462 /* Sources */,
				9A1C314827E221BC00279462 /* Frameworks */,
				9A1C314927E221BC00279462 /* Resources */,
			);
			buildRules = (
			);
			dependencies = (
			);
			name = GitExample;
			productName = GitExample;
			productReference = 9A1C314B27E221BC00279462 /* GitExample.app */;
			productType = "com.apple.product-type.application";
		};
		9A1C316327E221BE00279462 /* GitExampleTests */ = {
			isa = PBXNativeTarget;
			buildConfigurationList = 9A1C317B27E221BE00279462 /* Build configuration list for PBXNativeTarget "GitExampleTests" */;
			buildPhases = (
				9A1C316027E221BE00279462 /* Sources */,
				9A1C316127E221BE00279462 /* Frameworks */,
				9A1C316227E221BE00279462 /* Resources */,
			);
			buildRules = (
			);
			dependencies = (
				9A1C316627E221BE00279462 /* PBXTargetDependency */,
			);
			name = GitExampleTests;
			productName = GitExampleTests;
			productReference = 9A1C316427E221BE00279462 /* GitExampleTests.xctest */;
			productType = "com.apple.product-type.bundle.unit-test";
		};
		9A1C316D27E221BE00279462 /* GitExampleUITests */ = {
			isa = PBXNativeTarget;
			buildConfigurationList = 9A1C317E27E221BE00279462 /* Build configuration list for PBXNativeTarget "GitExampleUITests" */;
			buildPhases = (
				9A1C316A27E221BE00279462 /* Sources */,
				9A1C316B27E221BE00279462 /* Frameworks */,
				9A1C316C27E221BE00279462 /* Resources */,
			);
			buildRules = (
			);
			dependencies = (
				9A1C317027E221BE00279462 /* PBXTargetDependency */,
			);
			name = GitExampleUITests;
			productName = GitExampleUITests;
			productReference = 9A1C316E27E221BE00279462 /* GitExampleUITests.xctest */;
			productType = "com.apple.product-type.bundle.ui-testing";
		};
/* End PBXNativeTarget section */

/* Begin PBXProject section */
		9A1C314327E221BC00279462 /* Project object */ = {
			isa = PBXProject;
			attributes = {
				BuildIndependentTargetsInParallel = 1;
				LastSwiftUpdateCheck = 1320;
				LastUpgradeCheck = 1320;
				TargetAttributes = {
					9A1C314A27E221BC00279462 = {
						CreatedOnToolsVersion = 13.2.1;
					};
					9A1C316327E221BE00279462 = {
						CreatedOnToolsVersion = 13.2.1;
						TestTargetID = 9A1C314A27E221BC00279462;
					};
					9A1C316D27E221BE00279462 = {
						CreatedOnToolsVersion = 13.2.1;
						TestTargetID = 9A1C314A27E221BC00279462;
					};
				};
			};
			buildConfigurationList = 9A1C314627E221BC00279462 /* Build configuration list for PBXProject "GitExample" */;
			compatibilityVersion = "Xcode 13.0";
			developmentRegion = en;
			hasScannedForEncodings = 0;
			knownRegions = (
				en,
				Base,
			);
			mainGroup = 9A1C314227E221BC00279462;
			productRefGroup = 9A1C314C27E221BC00279462 /* Products */;
			projectDirPath = "";
			projectRoot = "";
			targets = (
				9A1C314A27E221BC00279462 /* GitExample */,
				9A1C316327E221BE00279462 /* GitExampleTests */,
				9A1C316D27E221BE00279462 /* GitExampleUITests */,
			);
		};
/* End PBXProject section */

/* Begin PBXResourcesBuildPhase section */
		9A1C314927E221BC00279462 /* Resources */ = {
			isa = PBXResourcesBuildPhase;
			buildActionMask = 2147483647;
			files = (
				9A1C315E27E221BE00279462 /* LaunchScreen.storyboard in Resources */,
				9A1C315B27E221BE00279462 /* Assets.xcassets in Resources */,
				9A1C315627E221BC00279462 /* Main.storyboard in Resources */,
			);
			runOnlyForDeploymentPostprocessing = 0;
		};
		9A1C316227E221BE00279462 /* Resources */ = {
			isa = PBXResourcesBuildPhase;
			buildActionMask = 2147483647;
			files = (
			);
			runOnlyForDeploymentPostprocessing = 0;
		};
		9A1C316C27E221BE00279462 /* Resources */ = {
			isa = PBXResourcesBuildPhase;
			buildActionMask = 2147483647;
			files = (
			);
			runOnlyForDeploymentPostprocessing = 0;
		};
/* End PBXResourcesBuildPhase section */

/* Begin PBXSourcesBuildPhase section */
		9A1C314727E221BC00279462 /* Sources */ = {
			isa = PBXSourcesBuildPhase;
			buildActionMask = 2147483647;
			files = (
				9A1C315327E221BC00279462 /* ViewController.swift in Sources */,
				9A1C314F27E221BC00279462 /* AppDelegate.swift in Sources */,
				9A1C315127E221BC00279462 /* SceneDelegate.swift in Sources */,
				9A1C315927E221BC00279462 /* GitExample.xcdatamodeld in Sources */,
			);
			runOnlyForDeploymentPostprocessing = 0;
		};
		9A1C316027E221BE00279462 /* Sources */ = {
			isa = PBXSourcesBuildPhase;
			buildActionMask = 2147483647;
			files = (
				9A1C316927E221BE00279462 /* GitExampleTests.swift in Sources */,
			);
			runOnlyForDeploymentPostprocessing = 0;
		};
		9A1C316A27E221BE00279462 /* Sources */ = {
			isa = PBXSourcesBuildPhase;
			buildActionMask = 2147483647;
			files = (
				9A1C317527E221BE00279462 /* GitExampleUITestsLaunchTests.swift in Sources */,
				9A1C317327E221BE00279462 /* GitExampleUITests.swift in Sources */,
			);
			runOnlyForDeploymentPostprocessing = 0;
		};
/* End PBXSourcesBuildPhase section */

/* Begin PBXTargetDependency section */
		9A1C316627E221BE00279462 /* PBXTargetDependency */ = {
			isa = PBXTargetDependency;
			target = 9A1C314A27E221BC00279462 /* GitExample */;
			targetProxy = 9A1C316527E221BE00279462 /* PBXContainerItemProxy */;
		};
		9A1C317027E221BE00279462 /* PBXTargetDependency */ = {
			isa = PBXTargetDependency;
			target = 9A1C314A27E221BC00279462 /* GitExample */;
			targetProxy = 9A1C316F27E221BE00279462 /* PBXContainerItemProxy */;
		};
/* End PBXTargetDependency section */

/* Begin PBXVariantGroup section */
		9A1C315427E221BC00279462 /* Main.storyboard */ = {
			isa = PBXVariantGroup;
			children = (
				9A1C315527E221BC00279462 /* Base */,
			);
			name = Main.storyboard;
			sourceTree = "<group>";
		};
		9A1C315C27E221BE00279462 /* LaunchScreen.storyboard */ = {
			isa = PBXVariantGroup;
			children = (
				9A1C315D27E221BE00279462 /* Base */,
			);
			name = LaunchScreen.storyboard;
			sourceTree = "<group>";
		};
/* End PBXVariantGroup section */

/* Begin XCBuildConfiguration section */
		9A1C317627E221BE00279462 /* Debug */ = {
			isa = XCBuildConfiguration;
			buildSettings = {
				ALWAYS_SEARCH_USER_PATHS = NO;
				CLANG_ANALYZER_NONNULL = YES;
				CLANG_ANALYZER_NUMBER_OBJECT_CONVERSION = YES_AGGRESSIVE;
				CLANG_CXX_LANGUAGE_STANDARD = "gnu++17";
				CLANG_CXX_LIBRARY = "libc++";
				CLANG_ENABLE_MODULES = YES;
				CLANG_ENABLE_OBJC_ARC = YES;
				CLANG_ENABLE_OBJC_WEAK = YES;
				CLANG_WARN_BLOCK_CAPTURE_AUTORELEASING = YES;
				CLANG_WARN_BOOL_CONVERSION = YES;
				CLANG_WARN_COMMA = YES;
				CLANG_WARN_CONSTANT_CONVERSION = YES;
				CLANG_WARN_DEPRECATED_OBJC_IMPLEMENTATIONS = YES;
				CLANG_WARN_DIRECT_OBJC_ISA_USAGE = YES_ERROR;
				CLANG_WARN_DOCUMENTATION_COMMENTS = YES;
				CLANG_WARN_EMPTY_BODY = YES;
				CLANG_WARN_ENUM_CONVERSION = YES;
				CLANG_WARN_INFINITE_RECURSION = YES;
				CLANG_WARN_INT_CONVERSION = YES;
				CLANG_WARN_NON_LITERAL_NULL_CONVERSION = YES;
				CLANG_WARN_OBJC_IMPLICIT_RETAIN_SELF = YES;
				CLANG_WARN_OBJC_LITERAL_CONVERSION = YES;
				CLANG_WARN_OBJC_ROOT_CLASS = YES_ERROR;
				CLANG_WARN_QUOTED_INCLUDE_IN_FRAMEWORK_HEADER = YES;
				CLANG_WARN_RANGE_LOOP_ANALYSIS = YES;
				CLANG_WARN_STRICT_PROTOTYPES = YES;
				CLANG_WARN_SUSPICIOUS_MOVE = YES;
				CLANG_WARN_UNGUARDED_AVAILABILITY = YES_AGGRESSIVE;
				CLANG_WARN_UNREACHABLE_CODE = YES;
				CLANG_WARN__DUPLICATE_METHOD_MATCH = YES;
				COPY_PHASE_STRIP = NO;
				DEBUG_INFORMATION_FORMAT = dwarf;
				ENABLE_STRICT_OBJC_MSGSEND = YES;
				ENABLE_TESTABILITY = YES;
				GCC_C_LANGUAGE_STANDARD = gnu11;
				GCC_DYNAMIC_NO_PIC = NO;
				GCC_NO_COMMON_BLOCKS = YES;
				GCC_OPTIMIZATION_LEVEL = 0;
				GCC_PREPROCESSOR_DEFINITIONS = (
					"DEBUG=1",
					"$(inherited)",
				);
				GCC_WARN_64_TO_32_BIT_CONVERSION = YES;
				GCC_WARN_ABOUT_RETURN_TYPE = YES_ERROR;
				GCC_WARN_UNDECLARED_SELECTOR = YES;
				GCC_WARN_UNINITIALIZED_AUTOS = YES_AGGRESSIVE;
				GCC_WARN_UNUSED_FUNCTION = YES;
				GCC_WARN_UNUSED_VARIABLE = YES;
				IPHONEOS_DEPLOYMENT_TARGET = 15.2;
				MTL_ENABLE_DEBUG_INFO = INCLUDE_SOURCE;
				MTL_FAST_MATH = YES;
				ONLY_ACTIVE_ARCH = YES;
				SDKROOT = iphoneos;
				SWIFT_ACTIVE_COMPILATION_CONDITIONS = DEBUG;
				SWIFT_OPTIMIZATION_LEVEL = "-Onone";
			};
			name = Debug;
		};
		9A1C317727E221BE00279462 /* Release */ = {
			isa = XCBuildConfiguration;
			buildSettings = {
				ALWAYS_SEARCH_USER_PATHS = NO;
				CLANG_ANALYZER_NONNULL = YES;
				CLANG_ANALYZER_NUMBER_OBJECT_CONVERSION = YES_AGGRESSIVE;
				CLANG_CXX_LANGUAGE_STANDARD = "gnu++17";
				CLANG_CXX_LIBRARY = "libc++";
				CLANG_ENABLE_MODULES = YES;
				CLANG_ENABLE_OBJC_ARC = YES;
				CLANG_ENABLE_OBJC_WEAK = YES;
				CLANG_WARN_BLOCK_CAPTURE_AUTORELEASING = YES;
				CLANG_WARN_BOOL_CONVERSION = YES;
				CLANG_WARN_COMMA = YES;
				CLANG_WARN_CONSTANT_CONVERSION = YES;
				CLANG_WARN_DEPRECATED_OBJC_IMPLEMENTATIONS = YES;
				CLANG_WARN_DIRECT_OBJC_ISA_USAGE = YES_ERROR;
				CLANG_WARN_DOCUMENTATION_COMMENTS = YES;
				CLANG_WARN_EMPTY_BODY = YES;
				CLANG_WARN_ENUM_CONVERSION = YES;
				CLANG_WARN_INFINITE_RECURSION = YES;
				CLANG_WARN_INT_CONVERSION = YES;
				CLANG_WARN_NON_LITERAL_NULL_CONVERSION = YES;
				CLANG_WARN_OBJC_IMPLICIT_RETAIN_SELF = YES;
				CLANG_WARN_OBJC_LITERAL_CONVERSION = YES;
				CLANG_WARN_OBJC_ROOT_CLASS = YES_ERROR;
				CLANG_WARN_QUOTED_INCLUDE_IN_FRAMEWORK_HEADER = YES;
				CLANG_WARN_RANGE_LOOP_ANALYSIS = YES;
				CLANG_WARN_STRICT_PROTOTYPES = YES;
				CLANG_WARN_SUSPICIOUS_MOVE = YES;
				CLANG_WARN_UNGUARDED_AVAILABILITY = YES_AGGRESSIVE;
				CLANG_WARN_UNREACHABLE_CODE = YES;
				CLANG_WARN__DUPLICATE_METHOD_MATCH = YES;
				COPY_PHASE_STRIP = NO;
				DEBUG_INFORMATION_FORMAT = "dwarf-with-dsym";
				ENABLE_NS_ASSERTIONS = NO;
				ENABLE_STRICT_OBJC_MSGSEND = YES;
				GCC_C_LANGUAGE_STANDARD = gnu11;
				GCC_NO_COMMON_BLOCKS = YES;
				GCC_WARN_64_TO_32_BIT_CONVERSION = YES;
				GCC_WARN_ABOUT_RETURN_TYPE = YES_ERROR;
				GCC_WARN_UNDECLARED_SELECTOR = YES;
				GCC_WARN_UNINITIALIZED_AUTOS = YES_AGGRESSIVE;
				GCC_WARN_UNUSED_FUNCTION = YES;
				GCC_WARN_UNUSED_VARIABLE = YES;
				IPHONEOS_DEPLOYMENT_TARGET = 15.2;
				MTL_ENABLE_DEBUG_INFO = NO;
				MTL_FAST_MATH = YES;
				SDKROOT = iphoneos;
				SWIFT_COMPILATION_MODE = wholemodule;
				SWIFT_OPTIMIZATION_LEVEL = "-O";
				VALIDATE_PRODUCT = YES;
			};
			name = Release;
		};
		9A1C317927E221BE00279462 /* Debug */ = {
			isa = XCBuildConfiguration;
			buildSettings = {
				ASSETCATALOG_COMPILER_APPICON_NAME = AppIcon;
				ASSETCATALOG_COMPILER_GLOBAL_ACCENT_COLOR_NAME = AccentColor;
				CODE_SIGN_STYLE = Automatic;
				CURRENT_PROJECT_VERSION = 1;
				GENERATE_INFOPLIST_FILE = YES;
				INFOPLIST_FILE = GitExample/Info.plist;
				INFOPLIST_KEY_UIApplicationSupportsIndirectInputEvents = YES;
				INFOPLIST_KEY_UILaunchStoryboardName = LaunchScreen;
				INFOPLIST_KEY_UIMainStoryboardFile = Main;
				INFOPLIST_KEY_UISupportedInterfaceOrientations_iPad = "UIInterfaceOrientationPortrait UIInterfaceOrientationPortraitUpsideDown UIInterfaceOrientationLandscapeLeft UIInterfaceOrientationLandscapeRight";
				INFOPLIST_KEY_UISupportedInterfaceOrientations_iPhone = "UIInterfaceOrientationPortrait UIInterfaceOrientationLandscapeLeft UIInterfaceOrientationLandscapeRight";
				LD_RUNPATH_SEARCH_PATHS = (
					"$(inherited)",
					"@executable_path/Frameworks",
				);
				MARKETING_VERSION = 1.0;
				PRODUCT_BUNDLE_IDENTIFIER = com.movini.GitExample;
				PRODUCT_NAME = "$(TARGET_NAME)";
				SWIFT_EMIT_LOC_STRINGS = YES;
				SWIFT_VERSION = 5.0;
				TARGETED_DEVICE_FAMILY = "1,2";
			};
			name = Debug;
		};
		9A1C317A27E221BE00279462 /* Release */ = {
			isa = XCBuildConfiguration;
			buildSettings = {
				ASSETCATALOG_COMPILER_APPICON_NAME = AppIcon;
				ASSETCATALOG_COMPILER_GLOBAL_ACCENT_COLOR_NAME = AccentColor;
				CODE_SIGN_STYLE = Automatic;
				CURRENT_PROJECT_VERSION = 1;
				GENERATE_INFOPLIST_FILE = YES;
				INFOPLIST_FILE = GitExample/Info.plist;
				INFOPLIST_KEY_UIApplicationSupportsIndirectInputEvents = YES;
				INFOPLIST_KEY_UILaunchStoryboardName = LaunchScreen;
				INFOPLIST_KEY_UIMainStoryboardFile = Main;
				INFOPLIST_KEY_UISupportedInterfaceOrientations_iPad = "UIInterfaceOrientationPortrait UIInterfaceOrientationPortraitUpsideDown UIInterfaceOrientationLandscapeLeft UIInterfaceOrientationLandscapeRight";
				INFOPLIST_KEY_UISupportedInterfaceOrientations_iPhone = "UIInterfaceOrientationPortrait UIInterfaceOrientationLandscapeLeft UIInterfaceOrientationLandscapeRight";
				LD_RUNPATH_SEARCH_PATHS = (
					"$(inherited)",
					"@executable_path/Frameworks",
				);
				MARKETING_VERSION = 1.0;
				PRODUCT_BUNDLE_IDENTIFIER = com.movini.GitExample;
				PRODUCT_NAME = "$(TARGET_NAME)";
				SWIFT_EMIT_LOC_STRINGS = YES;
				SWIFT_VERSION = 5.0;
				TARGETED_DEVICE_FAMILY = "1,2";
			};
			name = Release;
		};
		9A1C317C27E221BE00279462 /* Debug */ = {
			isa = XCBuildConfiguration;
			buildSettings = {
				ALWAYS_EMBED_SWIFT_STANDARD_LIBRARIES = YES;
				BUNDLE_LOADER = "$(TEST_HOST)";
				CODE_SIGN_STYLE = Automatic;
				CURRENT_PROJECT_VERSION = 1;
				GENERATE_INFOPLIST_FILE = YES;
				IPHONEOS_DEPLOYMENT_TARGET = 15.2;
				MARKETING_VERSION = 1.0;
				PRODUCT_BUNDLE_IDENTIFIER = com.movini.GitExampleTests;
				PRODUCT_NAME = "$(TARGET_NAME)";
				SWIFT_EMIT_LOC_STRINGS = NO;
				SWIFT_VERSION = 5.0;
				TARGETED_DEVICE_FAMILY = "1,2";
				TEST_HOST = "$(BUILT_PRODUCTS_DIR)/GitExample.app/GitExample";
			};
			name = Debug;
		};
		9A1C317D27E221BE00279462 /* Release */ = {
			isa = XCBuildConfiguration;
			buildSettings = {
				ALWAYS_EMBED_SWIFT_STANDARD_LIBRARIES = YES;
				BUNDLE_LOADER = "$(TEST_HOST)";
				CODE_SIGN_STYLE = Automatic;
				CURRENT_PROJECT_VERSION = 1;
				GENERATE_INFOPLIST_FILE = YES;
				IPHONEOS_DEPLOYMENT_TARGET = 15.2;
				MARKETING_VERSION = 1.0;
				PRODUCT_BUNDLE_IDENTIFIER = com.movini.GitExampleTests;
				PRODUCT_NAME = "$(TARGET_NAME)";
				SWIFT_EMIT_LOC_STRINGS = NO;
				SWIFT_VERSION = 5.0;
				TARGETED_DEVICE_FAMILY = "1,2";
				TEST_HOST = "$(BUILT_PRODUCTS_DIR)/GitExample.app/GitExample";
			};
			name = Release;
		};
		9A1C317F27E221BE00279462 /* Debug */ = {
			isa = XCBuildConfiguration;
			buildSettings = {
				ALWAYS_EMBED_SWIFT_STANDARD_LIBRARIES = YES;
				CODE_SIGN_STYLE = Automatic;
				CURRENT_PROJECT_VERSION = 1;
				GENERATE_INFOPLIST_FILE = YES;
				MARKETING_VERSION = 1.0;
				PRODUCT_BUNDLE_IDENTIFIER = com.movini.GitExampleUITests;
				PRODUCT_NAME = "$(TARGET_NAME)";
				SWIFT_EMIT_LOC_STRINGS = NO;
				SWIFT_VERSION = 5.0;
				TARGETED_DEVICE_FAMILY = "1,2";
				TEST_TARGET_NAME = GitExample;
			};
			name = Debug;
		};
		9A1C318027E221BE00279462 /* Release */ = {
			isa = XCBuildConfiguration;
			buildSettings = {
				ALWAYS_EMBED_SWIFT_STANDARD_LIBRARIES = YES;
				CODE_SIGN_STYLE = Automatic;
				CURRENT_PROJECT_VERSION = 1;
				GENERATE_INFOPLIST_FILE = YES;
				MARKETING_VERSION = 1.0;
				PRODUCT_BUNDLE_IDENTIFIER = com.movini.GitExampleUITests;
				PRODUCT_NAME = "$(TARGET_NAME)";
				SWIFT_EMIT_LOC_STRINGS = NO;
				SWIFT_VERSION = 5.0;
				TARGETED_DEVICE_FAMILY = "1,2";
				TEST_TARGET_NAME = GitExample;
			};
			name = Release;
		};
/* End XCBuildConfiguration section */

/* Begin XCConfigurationList section */
		9A1C314627E221BC00279462 /* Build configuration list for PBXProject "GitExample" */ = {
			isa = XCConfigurationList;
			buildConfigurations = (
				9A1C317627E221BE00279462 /* Debug */,
				9A1C317727E221BE00279462 /* Release */,
			);
			defaultConfigurationIsVisible = 0;
			defaultConfigurationName = Release;
		};
		9A1C317827E221BE00279462 /* Build configuration list for PBXNativeTarget "GitExample" */ = {
			isa = XCConfigurationList;
			buildConfigurations = (
				9A1C317927E221BE00279462 /* Debug */,
				9A1C317A27E221BE00279462 /* Release */,
			);
			defaultConfigurationIsVisible = 0;
			defaultConfigurationName = Release;
		};
		9A1C317B27E221BE00279462 /* Build configuration list for PBXNativeTarget "GitExampleTests" */ = {
			isa = XCConfigurationList;
			buildConfigurations = (
				9A1C317C27E221BE00279462 /* Debug */,
				9A1C317D27E221BE00279462 /* Release */,
			);
			defaultConfigurationIsVisible = 0;
			defaultConfigurationName = Release;
		};
		9A1C317E27E221BE00279462 /* Build configuration list for PBXNativeTarget "GitExampleUITests" */ = {
			isa = XCConfigurationList;
			buildConfigurations = (
				9A1C317F27E221BE00279462 /* Debug */,
				9A1C318027E221BE00279462 /* Release */,
			);
			defaultConfigurationIsVisible = 0;
			defaultConfigurationName = Release;
		};
/* End XCConfigurationList section */

/* Begin XCVersionGroup section */
		9A1C315727E221BC00279462 /* GitExample.xcdatamodeld */ = {
			isa = XCVersionGroup;
			children = (
				9A1C315827E221BC00279462 /* GitExample.xcdatamodel */,
			);
			currentVersion = 9A1C315827E221BC00279462 /* GitExample.xcdatamodel */;
			path = GitExample.xcdatamodeld;
			sourceTree = "<group>";
			versionGroupType = wrapper.xcdatamodel;
		};
/* End XCVersionGroup section */
	};
	rootObject = 9A1C314327E221BC00279462 /* Project object */;
}
